
Microsoft Visual Studio Solution File, Format Version 12.00
# Visual Studio Version 18
VisualStudioVersion = 18.3.11312.210
MinimumVisualStudioVersion = 10.0.40219.1
Project("{9A19103F-16F7-4668-BE54-9A1E7A4F7556}") = "SkySaga.Web", "SkySaga.Web\SkySaga.Web.csproj", "{3247F031-11ED-4CCA-A222-10E881AA43C6}"
EndProject
Project("{9A19103F-16F7-4668-BE54-9A1E7A4F7556}") = "SkySaga.Game", "SkySaga.Game\SkySaga.Game.csproj", "{E86DF0BA-BE16-4FB4-B01F-C9535E7E34FB}"
EndProject
Project("{9A19103F-16F7-4668-BE54-9A1E7A4F7556}") = "SmilegateAuth", "SmilegateAuth\SmilegateAuth.csproj", "{AEE144E4-2D2D-4B22-9FBB-1BC9D8EE094A}"
EndProject
Project("{FAE04EC0-301F-11D3-BF4B-00C04F79EFBC}") = "SkySaga.RakNet", "SkySaga.RakNet\SkySaga.RakNet.csproj", "{D9B012EC-B988-4956-A8AF-AA4107BB9FC4}"
EndProject
Project("{FAE04EC0-301F-11D3-BF4B-00C04F79EFBC}") = "SkySaga.ChatCommunication", "SkySaga.ChatCommunication\SkySaga.ChatCommunication.csproj", "{39EEDD31-F206-4042-B0C7-46E91C88589C}"
EndProject
Project("{FAE04EC0-301F-11D3-BF4B-00C04F79EFBC}") = "SkySaga.ServerStarter", "SkySaga.ServerStarter\SkySaga.ServerStarter.csproj", "{A15CAEE8-5A9A-4434-9616-ADE7913C8BFB}"
EndProject
Project("{2150E333-8FDC-42A3-9474-1A3956D46DE8}") = "Solution Items", "Solution Items", "{9F657969-69DD-409F-ABAD-6F0CE5F956FF}"
	ProjectSection(SolutionItems) = preProject
		.editorconfig = .editorconfig
	EndProjectSection
EndProject
Global
	GlobalSection(SolutionConfigurationPlatforms) = preSolution
		Debug|Any CPU = Debug|Any CPU
		Debug|x64 = Debug|x64
		Debug|x86 = Debug|x86
		Release|Any CPU = Release|Any CPU
		Release|x64 = Release|x64
		Release|x86 = Release|x86
	EndGlobalSection
	GlobalSection(ProjectConfigurationPlatforms) = postSolution
		{3247F031-11ED-4CCA-A222-10E881AA43C6}.Debug|Any CPU.ActiveCfg = Debug|Any CPU
		{3247F031-11ED-4CCA-A222-10E881AA43C6}.Debug|Any CPU.Build.0 = Debug|Any CPU
		{3247F031-11ED-4CCA-A222-10E881AA43C6}.Debug|x64.ActiveCfg = Debug|Any CPU
		{3247F031-11ED-4CCA-A222-10E881AA43C6}.Debug|x64.Build.0 = Debug|Any CPU
		{3247F031-11ED-4CCA-A222-10E881AA43C6}.Debug|x86.ActiveCfg = Debug|Any CPU
		{3247F031-11ED-4CCA-A222-10E881AA43C6}.Debug|x86.Build.0 = Debug|Any CPU
		{3247F031-11ED-4CCA-A222-10E881AA43C6}.Release|Any CPU.ActiveCfg = Release|Any CPU
		{3247F031-11ED-4CCA-A222-10E881AA43C6}.Release|Any CPU.Build.0 = Release|Any CPU
		{3247F031-11ED-4CCA-A222-10E881AA43C6}.Release|x64.ActiveCfg = Release|Any CPU
		{3247F031-11ED-4CCA-A222-10E881AA43C6}.Release|x64.Build.0 = Release|Any CPU
		{3247F031-11ED-4CCA-A222-10E881AA43C6}.Release|x86.ActiveCfg = Release|Any CPU
		{3247F031-11ED-4CCA-A222-10E881AA43C6}.Release|x86.Build.0 = Release|Any CPU
		{E86DF0BA-BE16-4FB4-B01F-C9535E7E34FB}.Debug|Any CPU.ActiveCfg = Debug|Any CPU
		{E86DF0BA-BE16-4FB4-B01F-C9535E7E34FB}.Debug|Any CPU.Build.0 = Debug|Any CPU
		{E86DF0BA-BE16-4FB4-B01F-C9535E7E34FB}.Debug|x64.ActiveCfg = Debug|Any CPU
		{E86DF0BA-BE16-4FB4-B01F-C9535E7E34FB}.Debug|x64.Build.0 = Debug|Any CPU
		{E86DF0BA-BE16-4FB4-B01F-C9535E7E34FB}.Debug|x86.ActiveCfg = Debug|Any CPU
		{E86DF0BA-BE16-4FB4-B01F-C9535E7E34FB}.Debug|x86.Build.0 = Debug|Any CPU
		{E86DF0BA-BE16-4FB4-B01F-C9535E7E34FB}.Release|Any CPU.ActiveCfg = Release|Any CPU
		{E86DF0BA-BE16-4FB4-B01F-C9535E7E34FB}.Release|Any CPU.Build.0 = Release|Any CPU
		{E86DF0BA-BE16-4FB4-B01F-C9535E7E34FB}.Release|x64.ActiveCfg = Release|Any CPU
		{E86DF0BA-BE16-4FB4-B01F-C9535E7E34FB}.Release|x64.Build.0 = Release|Any CPU
		{E86DF0BA-BE16-4FB4-B01F-C9535E7E34FB}.Release|x86.ActiveCfg = Release|Any CPU
		{E86DF0BA-BE16-4FB4-B01F-C9535E7E34FB}.Release|x86.Build.0 = Release|Any CPU
		{AEE144E4-2D2D-4B22-9FBB-1BC9D8EE094A}.Debug|Any CPU.ActiveCfg = Debug|Any CPU
		{AEE144E4-2D2D-4B22-9FBB-1BC9D8EE094A}.Debug|Any CPU.Build.0 = Debug|Any CPU
		{AEE144E4-2D2D-4B22-9FBB-1BC9D8EE094A}.Debug|x64.ActiveCfg = Debug|Any CPU
		{AEE144E4-2D2D-4B22-9FBB-1BC9D8EE094A}.Debug|x64.Build.0 = Debug|Any CPU
		{AEE144E4-2D2D-4B22-9FBB-1BC9D8EE094A}.Debug|x86.ActiveCfg = Debug|Any CPU
		{AEE144E4-2D2D-4B22-9FBB-1BC9D8EE094A}.Debug|x86.Build.0 = Debug|Any CPU
		{AEE144E4-2D2D-4B22-9FBB-1BC9D8EE094A}.Release|Any CPU.ActiveCfg = Release|Any CPU
		{AEE144E4-2D2D-4B22-9FBB-1BC9D8EE094A}.Release|Any CPU.Build.0 = Release|Any CPU
		{AEE144E4-2D2D-4B22-9FBB-1BC9D8EE094A}.Release|x64.ActiveCfg = Release|Any CPU
		{AEE144E4-2D2D-4B22-9FBB-1BC9D8EE094A}.Release|x64.Build.0 = Release|Any CPU
		{AEE144E4-2D2D-4B22-9FBB-1BC9D8EE094A}.Release|x86.ActiveCfg = Release|Any CPU
		{AEE144E4-2D2D-4B22-9FBB-1BC9D8EE094A}.Release|x86.Build.0 = Release|Any CPU
		{D9B012EC-B988-4956-A8AF-AA4107BB9FC4}.Debug|Any CPU.ActiveCfg = Debug|Any CPU
		{D9B012EC-B988-4956-A8AF-AA4107BB9FC4}.Debug|Any CPU.Build.0 = Debug|Any CPU
		{D9B012EC-B988-4956-A8AF-AA4107BB9FC4}.Debug|x64.ActiveCfg = Debug|Any CPU
		{D9B012EC-B988-4956-A8AF-AA4107BB9FC4}.Debug|x64.Build.0 = Debug|Any CPU
		{D9B012EC-B988-4956-A8AF-AA4107BB9FC4}.Debug|x86.ActiveCfg = Debug|Any CPU
		{D9B012EC-B988-4956-A8AF-AA4107BB9FC4}.Debug|x86.Build.0 = Debug|Any CPU
		{D9B012EC-B988-4956-A8AF-AA4107BB9FC4}.Release|Any CPU.ActiveCfg = Release|Any CPU
		{D9B012EC-B988-4956-A8AF-AA4107BB9FC4}.Release|Any CPU.Build.0 = Release|Any CPU
		{D9B012EC-B988-4956-A8AF-AA4107BB9FC4}.Release|x64.ActiveCfg = Release|Any CPU
		{D9B012EC-B988-4956-A8AF-AA4107BB9FC4}.Release|x64.Build.0 = Release|Any CPU
		{D9B012EC-B988-4956-A8AF-AA4107BB9FC4}.Release|x86.ActiveCfg = Release|Any CPU
		{D9B012EC-B988-4956-A8AF-AA4107BB9FC4}.Release|x86.Build.0 = Release|Any CPU
		{39EEDD31-F206-4042-B0C7-46E91C88589C}.Debug|Any CPU.ActiveCfg = Debug|Any CPU
		{39EEDD31-F206-4042-B0C7-46E91C88589C}.Debug|Any CPU.Build.0 = Debug|Any CPU
		{39EEDD31-F206-4042-B0C7-46E91C88589C}.Debug|x64.ActiveCfg = Debug|Any CPU
		{39EEDD31-F206-4042-B0C7-46E91C88589C}.Debug|x64.Build.0 = Debug|Any CPU
		{39EEDD31-F206-4042-B0C7-46E91C88589C}.Debug|x86.ActiveCfg = Debug|Any CPU
		{39EEDD31-F206-4042-B0C7-46E91C88589C}.Debug|x86.Build.0 = Debug|Any CPU
		{39EEDD31-F206-4042-B0C7-46E91C88589C}.Release|Any CPU.ActiveCfg = Release|Any CPU
		{39EEDD31-F206-4042-B0C7-46E91C88589C}.Release|Any CPU.Build.0 = Release|Any CPU
		{39EEDD31-F206-4042-B0C7-46E91C88589C}.Release|x64.ActiveCfg = Release|Any CPU
		{39EEDD31-F206-4042-B0C7-46E91C88589C}.Release|x64.Build.0 = Release|Any CPU
		{39EEDD31-F206-4042-B0C7-46E91C88589C}.Release|x86.ActiveCfg = Release|Any CPU
		{39EEDD31-F206-4042-B0C7-46E91C88589C}.Release|x86.Build.0 = Release|Any CPU
		{A15CAEE8-5A9A-4434-9616-ADE7913C8BFB}.Debug|Any CPU.ActiveCfg = Debug|Any CPU
		{A15CAEE8-5A9A-4434-9616-ADE7913C8BFB}.Debug|Any CPU.Build.0 = Debug|Any CPU
		{A15CAEE8-5A9A-4434-9616-ADE7913C8BFB}.Debug|x64.ActiveCfg = Debug|Any CPU
		{A15CAEE8-5A9A-4434-9616-ADE7913C8BFB}.Debug|x64.Build.0 = Debug|Any CPU
		{A15CAEE8-5A9A-4434-9616-ADE7913C8BFB}.Debug|x86.ActiveCfg = Debug|Any CPU
		{A15CAEE8-5A9A-4434-9616-ADE7913C8BFB}.Debug|x86.Build.0 = Debug|Any CPU
		{A15CAEE8-5A9A-4434-9616-ADE7913C8BFB}.Release|Any CPU.ActiveCfg = Release|Any CPU
		{A15CAEE8-5A9A-4434-9616-ADE7913C8BFB}.Release|Any CPU.Build.0 = Release|Any CPU
		{A15CAEE8-5A9A-4434-9616-ADE7913C8BFB}.Release|x64.ActiveCfg = Release|Any CPU
		{A15CAEE8-5A9A-4434-9616-ADE7913C8BFB}.Release|x64.Build.0 = Release|Any CPU
		{A15CAEE8-5A9A-4434-9616-ADE7913C8BFB}.Release|x86.ActiveCfg = Release|Any CPU
		{A15CAEE8-5A9A-4434-9616-ADE7913C8BFB}.Release|x86.Build.0 = Release|Any CPU
	EndGlobalSection
	GlobalSection(SolutionProperties) = preSolution
		HideSolutionNode = FALSE
	EndGlobalSection
	GlobalSection(ExtensibilityGlobals) = postSolution
		SolutionGuid = {E0283B72-DDD8-47F2-A9D6-E78A0DEB2F2B}
	EndGlobalSection
EndGlobal
